{
  "object": {
    "pins": [
      {
        "package": "Cider",
        "repositoryURL": "https://github.com/HackingGate/Cider.git",
        "state": {
          "branch": null,
          "revision": "47240b9bcf6ec867770f37e2a6921bc2e04e40b0",
          "version": "0.11.0"
        }
      },
      {
        "package": "Kanna",
        "repositoryURL": "https://github.com/tid-kijyun/Kanna.git",
        "state": {
          "branch": null,
          "revision": "9b8f73f8c8e145dc496565bbf878a709793e7ba3",
          "version": "5.0.0"
        }
      }
    ]
  },
  "version": 1
}
